
Microsoft Visual Studio Solution File, Format Version 12.00
# Visual Studio 15
VisualStudioVersion = 15.0.28307.1401
MinimumVisualStudioVersion = 10.0.40219.1
Project("{9A19103F-16F7-4668-BE54-9A1E7A4F7556}") = "API2PSSale", "API2PSSale\API2PSSale.csproj", "{AE671ECC-ADC9-4EB8-B3CF-09343C0F6B06}"
EndProject
Global
	GlobalSection(SolutionConfigurationPlatforms) = preSolution
		Debug|Any CPU = Debug|Any CPU
		Release|Any CPU = Release|Any CPU
	EndGlobalSection
	GlobalSection(ProjectConfigurationPlatforms) = postSolution
		{AE671ECC-ADC9-4EB8-B3CF-09343C0F6B06}.Debug|Any CPU.ActiveCfg = Debug|Any CPU
		{AE671ECC-ADC9-4EB8-B3CF-09343C0F6B06}.Debug|Any CPU.Build.0 = Debug|Any CPU
		{AE671ECC-ADC9-4EB8-B3CF-09343C0F6B06}.Release|Any CPU.ActiveCfg = Release|Any CPU
		{AE671ECC-ADC9-4EB8-B3CF-09343C0F6B06}.Release|Any CPU.Build.0 = Release|Any CPU
	EndGlobalSection
	GlobalSection(SolutionProperties) = preSolution
		HideSolutionNode = FALSE
	EndGlobalSection
	GlobalSection(ExtensibilityGlobals) = postSolution
		SolutionGuid = {AB9A8371-695A-43E1-A6D0-B82DDB3F4CA7}
	EndGlobalSection
	GlobalSection(TeamFoundationVersionControl) = preSolution
		SccNumberOfProjects = 2
		SccEnterpriseProvider = {4CA58AB2-18FA-4F8D-95D4-32DDF27D184C}
		SccTeamFoundationServer = http://192.168.0.104:8080/tfs/adaposv5collections
		SccLocalPath0 = .
		SccProjectUniqueName1 = API2PSSale\\API2PSSale.csproj
		SccProjectName1 = API2PSSale
		SccLocalPath1 = API2PSSale
	EndGlobalSection
EndGlobal
